// !$*UTF8*$!
{
	archiveVersion = 1;
	classes = {
	};
	objectVersion = 54;
	objects = {

/* Begin PBXBuildFile section */
		17FD00A1A8730B917C696740 /* Test.NSFileManager.swift in Sources */ = {isa = PBXBuildFile; fileRef = 17FD02B0C7FB91482D657EB7 /* Test.NSFileManager.swift */; };
		17FD02CC05C7210E4645CBC8 /* NSFileManager.swift in Sources */ = {isa = PBXBuildFile; fileRef = 17FD0B92059D242C03431E33 /* NSFileManager.swift */; };
		17FD03D1CC2ABAEECA8B4B5E /* NSFoundation.swift in Sources */ = {isa = PBXBuildFile; fileRef = 17FD04FF303649464A2C23EB /* NSFoundation.swift */; };
		17FD0405DAD110175294E108 /* NSBundle.swift in Sources */ = {isa = PBXBuildFile; fileRef = 17FD0B88858ED430D4A0213A /* NSBundle.swift */; };
		17FD04BFA37374E54D4C8CA5 /* NSEdgeInsets.swift in Sources */ = {isa = PBXBuildFile; fileRef = 17FD08FED0549606ECE29F8A /* NSEdgeInsets.swift */; };
		17FD05E746C71DCE6E0C15B8 /* NSTimer.swift in Sources */ = {isa = PBXBuildFile; fileRef = 17FD0B38C6962FF8A0E870A0 /* NSTimer.swift */; };
		17FD060A0DD6824B2EDFE764 /* NSUserDefaults.swift in Sources */ = {isa = PBXBuildFile; fileRef = 17FD04184E40B04E010C0CDB /* NSUserDefaults.swift */; };
		17FD0968FC692EAA58C4EF09 /* Test.NSUserDefaults.swift in Sources */ = {isa = PBXBuildFile; fileRef = E6B8A12125A37239004A99DB /* Test.NSUserDefaults.swift */; };
		17FD0F66A4AF7A1B6CFA445E /* NSDateFormatter.swift in Sources */ = {isa = PBXBuildFile; fileRef = 17FD0F61576291EBC317D334 /* NSDateFormatter.swift */; };
		E6B8A08C25A224C7004A99DB /* Tiny.framework in Frameworks */ = {isa = PBXBuildFile; fileRef = E6B8A08225A224C7004A99DB /* Tiny.framework */; };
/* End PBXBuildFile section */

/* Begin PBXContainerItemProxy section */
		E6B8A08D25A224C7004A99DB /* PBXContainerItemProxy */ = {
			isa = PBXContainerItemProxy;
			containerPortal = E6AD1655258C8BA0007C7E4A /* Project object */;
			proxyType = 1;
			remoteGlobalIDString = E6B8A08125A224C7004A99DB;
			remoteInfo = Tiny;
		};
/* End PBXContainerItemProxy section */

/* Begin PBXFileReference section */
		17FD02B0C7FB91482D657EB7 /* Test.NSFileManager.swift */ = {isa = PBXFileReference; fileEncoding = 4; lastKnownFileType = sourcecode.swift; path = Test.NSFileManager.swift; sourceTree = "<group>"; };
		17FD04184E40B04E010C0CDB /* NSUserDefaults.swift */ = {isa = PBXFileReference; fileEncoding = 4; lastKnownFileType = sourcecode.swift; path = NSUserDefaults.swift; sourceTree = "<group>"; };
		17FD04FF303649464A2C23EB /* NSFoundation.swift */ = {isa = PBXFileReference; fileEncoding = 4; lastKnownFileType = sourcecode.swift; path = NSFoundation.swift; sourceTree = "<group>"; };
		17FD08FED0549606ECE29F8A /* NSEdgeInsets.swift */ = {isa = PBXFileReference; fileEncoding = 4; lastKnownFileType = sourcecode.swift; path = NSEdgeInsets.swift; sourceTree = "<group>"; };
		17FD0B38C6962FF8A0E870A0 /* NSTimer.swift */ = {isa = PBXFileReference; fileEncoding = 4; lastKnownFileType = sourcecode.swift; path = NSTimer.swift; sourceTree = "<group>"; };
		17FD0B88858ED430D4A0213A /* NSBundle.swift */ = {isa = PBXFileReference; fileEncoding = 4; lastKnownFileType = sourcecode.swift; path = NSBundle.swift; sourceTree = "<group>"; };
		17FD0B92059D242C03431E33 /* NSFileManager.swift */ = {isa = PBXFileReference; fileEncoding = 4; lastKnownFileType = sourcecode.swift; path = NSFileManager.swift; sourceTree = "<group>"; };
		17FD0F61576291EBC317D334 /* NSDateFormatter.swift */ = {isa = PBXFileReference; fileEncoding = 4; lastKnownFileType = sourcecode.swift; path = NSDateFormatter.swift; sourceTree = "<group>"; };
		E6AD165F258C8CE6007C7E4A /* Profile.xcconfig */ = {isa = PBXFileReference; lastKnownFileType = text.xcconfig; path = Profile.xcconfig; sourceTree = "<group>"; };
		E6AD1660258C8CE6007C7E4A /* Debug.xcconfig */ = {isa = PBXFileReference; lastKnownFileType = text.xcconfig; path = Debug.xcconfig; sourceTree = "<group>"; };
		E6AD1661258C8CE6007C7E4A /* Release.xcconfig */ = {isa = PBXFileReference; lastKnownFileType = text.xcconfig; path = Release.xcconfig; sourceTree = "<group>"; };
		E6AD1662258C8CE6007C7E4A /* Test.xcconfig */ = {isa = PBXFileReference; lastKnownFileType = text.xcconfig; path = Test.xcconfig; sourceTree = "<group>"; };
		E6AD1664258C8CF4007C7E4A /* macOS-Application.xcconfig */ = {isa = PBXFileReference; lastKnownFileType = text.xcconfig; path = "macOS-Application.xcconfig"; sourceTree = "<group>"; };
		E6AD1665258C8CF4007C7E4A /* macOS-Framework.xcconfig */ = {isa = PBXFileReference; lastKnownFileType = text.xcconfig; path = "macOS-Framework.xcconfig"; sourceTree = "<group>"; };
		E6AD1666258C8CF4007C7E4A /* macOS-StaticLibrary.xcconfig */ = {isa = PBXFileReference; lastKnownFileType = text.xcconfig; path = "macOS-StaticLibrary.xcconfig"; sourceTree = "<group>"; };
		E6AD1667258C8CF4007C7E4A /* macOS-Base.xcconfig */ = {isa = PBXFileReference; lastKnownFileType = text.xcconfig; path = "macOS-Base.xcconfig"; sourceTree = "<group>"; };
		E6AD1668258C8CF4007C7E4A /* macOS-XCTest.xcconfig */ = {isa = PBXFileReference; lastKnownFileType = text.xcconfig; path = "macOS-XCTest.xcconfig"; sourceTree = "<group>"; };
		E6AD1669258C8CF4007C7E4A /* macOS-DynamicLibrary.xcconfig */ = {isa = PBXFileReference; lastKnownFileType = text.xcconfig; path = "macOS-DynamicLibrary.xcconfig"; sourceTree = "<group>"; };
		E6B8A08225A224C7004A99DB /* Tiny.framework */ = {isa = PBXFileReference; explicitFileType = wrapper.framework; includeInIndex = 0; path = Tiny.framework; sourceTree = BUILT_PRODUCTS_DIR; };
		E6B8A08B25A224C7004A99DB /* Tiny-Test.xctest */ = {isa = PBXFileReference; explicitFileType = wrapper.cfbundle; includeInIndex = 0; path = "Tiny-Test.xctest"; sourceTree = BUILT_PRODUCTS_DIR; };
		E6B8A0A925A249C8004A99DB /* test.plist */ = {isa = PBXFileReference; lastKnownFileType = text.plist.xml; path = test.plist; sourceTree = "<group>"; };
		E6B8A0AA25A249C8004A99DB /* framework.plist */ = {isa = PBXFileReference; lastKnownFileType = text.plist.xml; path = framework.plist; sourceTree = "<group>"; };
		E6B8A0CA25A24C0D004A99DB /* .gitignore */ = {isa = PBXFileReference; lastKnownFileType = text; path = .gitignore; sourceTree = "<group>"; };
		E6B8A0CB25A24C0D004A99DB /* .swiftlint.yml */ = {isa = PBXFileReference; lastKnownFileType = text.yaml; path = .swiftlint.yml; sourceTree = "<group>"; };
		E6B8A12125A37239004A99DB /* Test.NSUserDefaults.swift */ = {isa = PBXFileReference; lastKnownFileType = sourcecode.swift; path = Test.NSUserDefaults.swift; sourceTree = "<group>"; };
/* End PBXFileReference section */

/* Begin PBXFrameworksBuildPhase section */
		E6B8A08825A224C7004A99DB /* Frameworks */ = {
			isa = PBXFrameworksBuildPhase;
			buildActionMask = 2147483647;
			files = (
				E6B8A08C25A224C7004A99DB /* Tiny.framework in Frameworks */,
			);
			runOnlyForDeploymentPostprocessing = 0;
		};
/* End PBXFrameworksBuildPhase section */

/* Begin PBXGroup section */
		17FD001854DBE33C99A1E319 /* Foundation */ = {
			isa = PBXGroup;
			children = (
				17FD0B88858ED430D4A0213A /* NSBundle.swift */,
				17FD0F61576291EBC317D334 /* NSDateFormatter.swift */,
				17FD08FED0549606ECE29F8A /* NSEdgeInsets.swift */,
				17FD0B92059D242C03431E33 /* NSFileManager.swift */,
				17FD04FF303649464A2C23EB /* NSFoundation.swift */,
				17FD0B38C6962FF8A0E870A0 /* NSTimer.swift */,
				17FD04184E40B04E010C0CDB /* NSUserDefaults.swift */,
			);
			path = Foundation;
			sourceTree = "<group>";
		};
		E6AD1654258C8BA0007C7E4A = {
			isa = PBXGroup;
			children = (
				E6AD165C258C8C94007C7E4A /* accessory */,
				E6B8A08325A224C7004A99DB /* product */,
				E6B8A0C925A24BBE004A99DB /* source */,
				E6B8A0CA25A24C0D004A99DB /* .gitignore */,
				E6B8A0CB25A24C0D004A99DB /* .swiftlint.yml */,
			);
			sourceTree = "<group>";
		};
		E6AD165C258C8C94007C7E4A /* accessory */ = {
			isa = PBXGroup;
			children = (
				E6AD165D258C8C9D007C7E4A /* configuration */,
				E6B8A0A825A249B8004A99DB /* info */,
			);
			path = accessory;
			sourceTree = "<group>";
		};
		E6AD165D258C8C9D007C7E4A /* configuration */ = {
			isa = PBXGroup;
			children = (
				E6AD165E258C8CE6007C7E4A /* Base */,
				E6AD1663258C8CF4007C7E4A /* macOS */,
			);
			name = configuration;
			sourceTree = "<group>";
		};
		E6AD165E258C8CE6007C7E4A /* Base */ = {
			isa = PBXGroup;
			children = (
				E6AD1660258C8CE6007C7E4A /* Debug.xcconfig */,
				E6AD165F258C8CE6007C7E4A /* Profile.xcconfig */,
				E6AD1661258C8CE6007C7E4A /* Release.xcconfig */,
				E6AD1662258C8CE6007C7E4A /* Test.xcconfig */,
			);
			name = Base;
			path = dependency/Git/xcconfigs/Base/Configurations;
			sourceTree = SOURCE_ROOT;
		};
		E6AD1663258C8CF4007C7E4A /* macOS */ = {
			isa = PBXGroup;
			children = (
				E6AD1664258C8CF4007C7E4A /* macOS-Application.xcconfig */,
				E6AD1667258C8CF4007C7E4A /* macOS-Base.xcconfig */,
				E6AD1669258C8CF4007C7E4A /* macOS-DynamicLibrary.xcconfig */,
				E6AD1665258C8CF4007C7E4A /* macOS-Framework.xcconfig */,
				E6AD1666258C8CF4007C7E4A /* macOS-StaticLibrary.xcconfig */,
				E6AD1668258C8CF4007C7E4A /* macOS-XCTest.xcconfig */,
			);
			name = macOS;
			path = dependency/Git/xcconfigs/macOS;
			sourceTree = SOURCE_ROOT;
		};
		E6B8A08325A224C7004A99DB /* product */ = {
			isa = PBXGroup;
			children = (
				E6B8A08225A224C7004A99DB /* Tiny.framework */,
				E6B8A08B25A224C7004A99DB /* Tiny-Test.xctest */,
			);
			name = product;
			sourceTree = "<group>";
		};
		E6B8A0A825A249B8004A99DB /* info */ = {
			isa = PBXGroup;
			children = (
				E6B8A0AA25A249C8004A99DB /* framework.plist */,
				E6B8A0A925A249C8004A99DB /* test.plist */,
			);
			path = info;
			sourceTree = "<group>";
		};
		E6B8A0C925A24BBE004A99DB /* source */ = {
			isa = PBXGroup;
			children = (
				17FD001854DBE33C99A1E319 /* Foundation */,
				E6B8A11F25A37239004A99DB /* Test */,
			);
			path = source;
			sourceTree = "<group>";
		};
		E6B8A11F25A37239004A99DB /* Test */ = {
			isa = PBXGroup;
			children = (
				E6B8A12025A37239004A99DB /* Foundation */,
			);
			path = Test;
			sourceTree = "<group>";
		};
		E6B8A12025A37239004A99DB /* Foundation */ = {
			isa = PBXGroup;
			children = (
				17FD02B0C7FB91482D657EB7 /* Test.NSFileManager.swift */,
				E6B8A12125A37239004A99DB /* Test.NSUserDefaults.swift */,
			);
			path = Foundation;
			sourceTree = "<group>";
		};
/* End PBXGroup section */

/* Begin PBXNativeTarget section */
		E6B8A08125A224C7004A99DB /* Tiny */ = {
			isa = PBXNativeTarget;
			buildConfigurationList = E6B8A09825A224C7004A99DB /* Build configuration list for PBXNativeTarget "Tiny" */;
			buildPhases = (
				E6B8A07E25A224C7004A99DB /* Sources */,
			);
			buildRules = (
			);
			dependencies = (
			);
			name = Tiny;
			productName = Tiny;
			productReference = E6B8A08225A224C7004A99DB /* Tiny.framework */;
			productType = "com.apple.product-type.framework";
		};
		E6B8A08A25A224C7004A99DB /* Tiny-Test */ = {
			isa = PBXNativeTarget;
			buildConfigurationList = E6B8A09925A224C7004A99DB /* Build configuration list for PBXNativeTarget "Tiny-Test" */;
			buildPhases = (
				E6B8A08725A224C7004A99DB /* Sources */,
				E6B8A08825A224C7004A99DB /* Frameworks */,
			);
			buildRules = (
			);
			dependencies = (
				E6B8A08E25A224C7004A99DB /* PBXTargetDependency */,
			);
			name = "Tiny-Test";
			productName = TinyTests;
			productReference = E6B8A08B25A224C7004A99DB /* Tiny-Test.xctest */;
			productType = "com.apple.product-type.bundle.unit-test";
		};
/* End PBXNativeTarget section */

/* Begin PBXProject section */
		E6AD1655258C8BA0007C7E4A /* Project object */ = {
			isa = PBXProject;
			attributes = {
				LastSwiftUpdateCheck = 1230;
				LastUpgradeCheck = 1230;
				TargetAttributes = {
					E6B8A08125A224C7004A99DB = {
						CreatedOnToolsVersion = 12.3;
					};
					E6B8A08A25A224C7004A99DB = {
						CreatedOnToolsVersion = 12.3;
					};
				};
			};
			buildConfigurationList = E6AD1658258C8BA0007C7E4A /* Build configuration list for PBXProject "Tiny" */;
			compatibilityVersion = "Xcode 12.0";
			developmentRegion = en;
			hasScannedForEncodings = 0;
			knownRegions = (
				en,
			);
			mainGroup = E6AD1654258C8BA0007C7E4A;
			productRefGroup = E6B8A08325A224C7004A99DB /* product */;
			projectDirPath = "";
			projectRoot = "";
			targets = (
				E6B8A08125A224C7004A99DB /* Tiny */,
				E6B8A08A25A224C7004A99DB /* Tiny-Test */,
			);
		};
/* End PBXProject section */

/* Begin PBXSourcesBuildPhase section */
		E6B8A07E25A224C7004A99DB /* Sources */ = {
			isa = PBXSourcesBuildPhase;
			buildActionMask = 2147483647;
			files = (
				17FD04BFA37374E54D4C8CA5 /* NSEdgeInsets.swift in Sources */,
				17FD02CC05C7210E4645CBC8 /* NSFileManager.swift in Sources */,
				17FD0F66A4AF7A1B6CFA445E /* NSDateFormatter.swift in Sources */,
				17FD0405DAD110175294E108 /* NSBundle.swift in Sources */,
				17FD03D1CC2ABAEECA8B4B5E /* NSFoundation.swift in Sources */,
				17FD060A0DD6824B2EDFE764 /* NSUserDefaults.swift in Sources */,
				17FD05E746C71DCE6E0C15B8 /* NSTimer.swift in Sources */,
			);
			runOnlyForDeploymentPostprocessing = 0;
		};
		E6B8A08725A224C7004A99DB /* Sources */ = {
			isa = PBXSourcesBuildPhase;
			buildActionMask = 2147483647;
			files = (
				17FD00A1A8730B917C696740 /* Test.NSFileManager.swift in Sources */,
				17FD0968FC692EAA58C4EF09 /* Test.NSUserDefaults.swift in Sources */,
			);
			runOnlyForDeploymentPostprocessing = 0;
		};
/* End PBXSourcesBuildPhase section */

/* Begin PBXTargetDependency section */
		E6B8A08E25A224C7004A99DB /* PBXTargetDependency */ = {
			isa = PBXTargetDependency;
			target = E6B8A08125A224C7004A99DB /* Tiny */;
			targetProxy = E6B8A08D25A224C7004A99DB /* PBXContainerItemProxy */;
		};
/* End PBXTargetDependency section */

/* Begin XCBuildConfiguration section */
		E6AD1659258C8BA0007C7E4A /* Debug */ = {
			isa = XCBuildConfiguration;
			baseConfigurationReference = E6AD1660258C8CE6007C7E4A /* Debug.xcconfig */;
			buildSettings = {
				DEBUG_INFORMATION_FORMAT = dwarf;
				FRAMEWORK_SEARCH_PATHS = "$(PROJECT_DIR)/Carthage/Build/Mac";
				INFOPLIST_FILE = accessory/info;
				MACOSX_DEPLOYMENT_TARGET = 10.10;
				PRODUCT_BUNDLE_IDENTIFIER = com.swifteroid.tiny;
				PRODUCT_NAME = "$(TARGET_NAME)";
				SWIFT_TREAT_WARNINGS_AS_ERRORS = NO;
				SWIFT_VERSION = 5.0;
			};
			name = Debug;
		};
		E6AD165A258C8BA0007C7E4A /* Release */ = {
			isa = XCBuildConfiguration;
			baseConfigurationReference = E6AD1661258C8CE6007C7E4A /* Release.xcconfig */;
			buildSettings = {
				INFOPLIST_FILE = accessory/info;
				MACOSX_DEPLOYMENT_TARGET = 10.10;
				PRODUCT_BUNDLE_IDENTIFIER = com.swifteroid.tiny;
				PRODUCT_NAME = "$(TARGET_NAME)";
				SWIFT_TREAT_WARNINGS_AS_ERRORS = NO;
				SWIFT_VERSION = 5.0;
			};
			name = Release;
		};
		E6B8A09425A224C7004A99DB /* Debug */ = {
			isa = XCBuildConfiguration;
			baseConfigurationReference = E6AD1665258C8CF4007C7E4A /* macOS-Framework.xcconfig */;
			buildSettings = {
				INFOPLIST_FILE = "$(inherited)/framework.plist";
			};
			name = Debug;
		};
		E6B8A09525A224C7004A99DB /* Release */ = {
			isa = XCBuildConfiguration;
			baseConfigurationReference = E6AD1665258C8CF4007C7E4A /* macOS-Framework.xcconfig */;
			buildSettings = {
				INFOPLIST_FILE = "$(inherited)/framework.plist";
			};
			name = Release;
		};
		E6B8A09625A224C7004A99DB /* Debug */ = {
			isa = XCBuildConfiguration;
			baseConfigurationReference = E6AD1668258C8CF4007C7E4A /* macOS-XCTest.xcconfig */;
			buildSettings = {
				INFOPLIST_FILE = "$(inherited)/test.plist";
				LD_RUNPATH_SEARCH_PATHS = (
					"$(inherited)",
					"$(FRAMEWORK_SEARCH_PATHS)",
				);
			};
			name = Debug;
		};
		E6B8A09725A224C7004A99DB /* Release */ = {
			isa = XCBuildConfiguration;
			baseConfigurationReference = E6AD1668258C8CF4007C7E4A /* macOS-XCTest.xcconfig */;
			buildSettings = {
				INFOPLIST_FILE = "$(inherited)/test.plist";
				LD_RUNPATH_SEARCH_PATHS = (
					"$(inherited)",
					"$(FRAMEWORK_SEARCH_PATHS)",
				);
			};
			name = Release;
		};
/* End XCBuildConfiguration section */

/* Begin XCConfigurationList section */
		E6AD1658258C8BA0007C7E4A /* Build configuration list for PBXProject "Tiny" */ = {
			isa = XCConfigurationList;
			buildConfigurations = (
				E6AD1659258C8BA0007C7E4A /* Debug */,
				E6AD165A258C8BA0007C7E4A /* Release */,
			);
			defaultConfigurationIsVisible = 0;
			defaultConfigurationName = Release;
		};
		E6B8A09825A224C7004A99DB /* Build configuration list for PBXNativeTarget "Tiny" */ = {
			isa = XCConfigurationList;
			buildConfigurations = (
				E6B8A09425A224C7004A99DB /* Debug */,
				E6B8A09525A224C7004A99DB /* Release */,
			);
			defaultConfigurationIsVisible = 0;
			defaultConfigurationName = Release;
		};
		E6B8A09925A224C7004A99DB /* Build configuration list for PBXNativeTarget "Tiny-Test" */ = {
			isa = XCConfigurationList;
			buildConfigurations = (
				E6B8A09625A224C7004A99DB /* Debug */,
				E6B8A09725A224C7004A99DB /* Release */,
			);
			defaultConfigurationIsVisible = 0;
			defaultConfigurationName = Release;
		};
/* End XCConfigurationList section */
	};
	rootObject = E6AD1655258C8BA0007C7E4A /* Project object */;
}
